
Microsoft Visual Studio Solution File, Format Version 12.00
# Visual Studio for Mac
Project("{FAE04EC0-301F-11D3-BF4B-00C04F79EFBC}") = "Assembly-CSharp", "Assembly-CSharp.csproj", "{665D8045-5D16-C9FF-CB5B-FD1D549788E1}"
EndProject
Project("{FAE04EC0-301F-11D3-BF4B-00C04F79EFBC}") = "Assembly-CSharp-Editor", "Assembly-CSharp-Editor.csproj", "{426E53BA-07E9-35E1-F4C8-4E3B6EC82AF3}"
EndProject
Global
	GlobalSection(SolutionConfigurationPlatforms) = preSolution
		Debug|Any CPU = Debug|Any CPU
		Release|Any CPU = Release|Any CPU
	EndGlobalSection
	GlobalSection(ProjectConfigurationPlatforms) = postSolution
		{665D8045-5D16-C9FF-CB5B-FD1D549788E1}.Debug|Any CPU.ActiveCfg = Debug|Any CPU
		{665D8045-5D16-C9FF-CB5B-FD1D549788E1}.Debug|Any CPU.Build.0 = Debug|Any CPU
		{665D8045-5D16-C9FF-CB5B-FD1D549788E1}.Release|Any CPU.ActiveCfg = Release|Any CPU
		{665D8045-5D16-C9FF-CB5B-FD1D549788E1}.Release|Any CPU.Build.0 = Release|Any CPU
		{426E53BA-07E9-35E1-F4C8-4E3B6EC82AF3}.Debug|Any CPU.ActiveCfg = Debug|Any CPU
		{426E53BA-07E9-35E1-F4C8-4E3B6EC82AF3}.Debug|Any CPU.Build.0 = Debug|Any CPU
		{426E53BA-07E9-35E1-F4C8-4E3B6EC82AF3}.Release|Any CPU.ActiveCfg = Release|Any CPU
		{426E53BA-07E9-35E1-F4C8-4E3B6EC82AF3}.Release|Any CPU.Build.0 = Release|Any CPU
	EndGlobalSection
	GlobalSection(SolutionProperties) = preSolution
		HideSolutionNode = FALSE
	EndGlobalSection
EndGlobal
